github.com/appmanch/go-commons v0.0.0-20201018232400-af32527b502d h1:td9MhkLgFT6ztxN5W+yx7g+jeMI/dN8tSBJHuxkDmIU=
github.com/appmanch/go-commons v0.0.0-20201018232400-af32527b502d/go.mod h1:S6XuykU8i/FoDQXGf4XuvQMVEyZOwtMIDysVWM/oUIE=
github.com/gorilla/mux v1.7.4 h1:VuZ8uybHlWmqV03+zRzdwKL4tUnIp1MAQtp1mIFE1bc=
github.com/gorilla/mux v1.7.4/go.mod h1:DVbg23sWSpFRCP0SfiEN6jmj59UnW/n46BH5rLB71So=
